Microsoft Visual Studio Solution File, Format Version 12.00
# Visual Studio Version 17
VisualStudioVersion = 17.12.35211.24
MinimumVisualStudioVersion = 10.0.40219.1
Project("{FAE04EC0-301F-11D3-BF4B-00C04F79EFBC}") = "CSnakesAspire.AppHost", "CSnakesAspire.AppHost\CSnakesAspire.AppHost.csproj", "{079BE79E-5525-45F0-8E64-5F602A09187D}"
EndProject
Project("{FAE04EC0-301F-11D3-BF4B-00C04F79EFBC}") = "CSnakesAspire.ServiceDefaults", "CSnakesAspire.ServiceDefaults\CSnakesAspire.ServiceDefaults.csproj", "{8BD07835-56FF-499E-A153-5DE430D6AF2F}"
EndProject
Project("{FAE04EC0-301F-11D3-BF4B-00C04F79EFBC}") = "CSnakesAspire.ApiService", "CSnakesAspire.ApiService\CSnakesAspire.ApiService.csproj", "{9C2AE7DD-CC2E-4C6C-942A-811E73EC4017}"
EndProject
Project("{FAE04EC0-301F-11D3-BF4B-00C04F79EFBC}") = "CSnakesAspire.Web", "CSnakesAspire.Web\CSnakesAspire.Web.csproj", "{042FA07F-BF2A-4D6D-A0ED-04014FE38070}"
EndProject
Project("{2150E333-8FDC-42A3-9474-1A3956D46DE8}") = "Solution Items", "Solution Items", "{4F565C83-C7AB-42E8-81E2-EC8C49B5C6E2}"
	ProjectSection(SolutionItems) = preProject
		..\nuget.config = ..\nuget.config
	EndProjectSection
EndProject
Global
	GlobalSection(SolutionConfigurationPlatforms) = preSolution
		Debug|Any CPU = Debug|Any CPU
		Release|Any CPU = Release|Any CPU
	EndGlobalSection
	GlobalSection(ProjectConfigurationPlatforms) = postSolution
		{079BE79E-5525-45F0-8E64-5F602A09187D}.Debug|Any CPU.ActiveCfg = Debug|Any CPU
		{079BE79E-5525-45F0-8E64-5F602A09187D}.Debug|Any CPU.Build.0 = Debug|Any CPU
		{079BE79E-5525-45F0-8E64-5F602A09187D}.Release|Any CPU.ActiveCfg = Release|Any CPU
		{079BE79E-5525-45F0-8E64-5F602A09187D}.Release|Any CPU.Build.0 = Release|Any CPU
		{8BD07835-56FF-499E-A153-5DE430D6AF2F}.Debug|Any CPU.ActiveCfg = Debug|Any CPU
		{8BD07835-56FF-499E-A153-5DE430D6AF2F}.Debug|Any CPU.Build.0 = Debug|Any CPU
		{8BD07835-56FF-499E-A153-5DE430D6AF2F}.Release|Any CPU.ActiveCfg = Release|Any CPU
		{8BD07835-56FF-499E-A153-5DE430D6AF2F}.Release|Any CPU.Build.0 = Release|Any CPU
		{9C2AE7DD-CC2E-4C6C-942A-811E73EC4017}.Debug|Any CPU.ActiveCfg = Debug|Any CPU
		{9C2AE7DD-CC2E-4C6C-942A-811E73EC4017}.Debug|Any CPU.Build.0 = Debug|Any CPU
		{9C2AE7DD-CC2E-4C6C-942A-811E73EC4017}.Release|Any CPU.ActiveCfg = Release|Any CPU
		{9C2AE7DD-CC2E-4C6C-942A-811E73EC4017}.Release|Any CPU.Build.0 = Release|Any CPU
		{042FA07F-BF2A-4D6D-A0ED-04014FE38070}.Debug|Any CPU.ActiveCfg = Debug|Any CPU
		{042FA07F-BF2A-4D6D-A0ED-04014FE38070}.Debug|Any CPU.Build.0 = Debug|Any CPU
		{042FA07F-BF2A-4D6D-A0ED-04014FE38070}.Release|Any CPU.ActiveCfg = Release|Any CPU
		{042FA07F-BF2A-4D6D-A0ED-04014FE38070}.Release|Any CPU.Build.0 = Release|Any CPU
	EndGlobalSection
	GlobalSection(SolutionProperties) = preSolution
		HideSolutionNode = FALSE
	EndGlobalSection
	GlobalSection(ExtensibilityGlobals) = postSolution
		SolutionGuid = {CF251F67-BDA3-44FC-8799-3A29B3A3FB77}
	EndGlobalSection
EndGlobal
