
Microsoft Visual Studio Solution File, Format Version 12.00
# Visual Studio Version 17
VisualStudioVersion = 17.10.35027.167
MinimumVisualStudioVersion = 10.0.40219.1
Project("{9A19103F-16F7-4668-BE54-9A1E7A4F7556}") = "ExamplePythonDependency", "ExamplePythonDependency\ExamplePythonDependency.csproj", "{ADDB5E9B-4E60-4F86-B571-6A75A433078B}"
EndProject
Project("{9A19103F-16F7-4668-BE54-9A1E7A4F7556}") = "QuickConsoleTest", "QuickConsoleTest\QuickConsoleTest.csproj", "{73B9F219-0BC0-45E9-A5E8-8092D707F963}"
EndProject
Project("{2150E333-8FDC-42A3-9474-1A3956D46DE8}") = "Solution Items", "Solution Items", "{4F565C83-C7AB-42E8-81E2-EC8C49B5C6E2}"
	ProjectSection(SolutionItems) = preProject
		..\nuget.config = ..\nuget.config
	EndProjectSection
EndProject
Project("{FAE04EC0-301F-11D3-BF4B-00C04F79EFBC}") = "WebApp", "WebApp\WebApp.csproj", "{13504634-1D1A-4BB7-99D4-533D738330CC}"
EndProject
Project("{F2A71F9B-5D33-465A-A702-920D77279786}") = "FSharpSample", "FSharpSample\FSharpSample.fsproj", "{C5A7FCEB-57D9-4873-A2B5-4F246C37E020}"
EndProject
Project("{FAE04EC0-301F-11D3-BF4B-00C04F79EFBC}") = "AOTConsoleApp", "AOTConsoleApp\AOTConsoleApp.csproj", "{A4E75E01-EBD3-4E0E-A412-F8088433379A}"
EndProject
Global
	GlobalSection(SolutionConfigurationPlatforms) = preSolution
		Debug|Any CPU = Debug|Any CPU
		Release|Any CPU = Release|Any CPU
	EndGlobalSection
	GlobalSection(ProjectConfigurationPlatforms) = postSolution
		{ADDB5E9B-4E60-4F86-B571-6A75A433078B}.Debug|Any CPU.ActiveCfg = Debug|Any CPU
		{ADDB5E9B-4E60-4F86-B571-6A75A433078B}.Debug|Any CPU.Build.0 = Debug|Any CPU
		{ADDB5E9B-4E60-4F86-B571-6A75A433078B}.Release|Any CPU.ActiveCfg = Release|Any CPU
		{ADDB5E9B-4E60-4F86-B571-6A75A433078B}.Release|Any CPU.Build.0 = Release|Any CPU
		{73B9F219-0BC0-45E9-A5E8-8092D707F963}.Debug|Any CPU.ActiveCfg = Debug|Any CPU
		{73B9F219-0BC0-45E9-A5E8-8092D707F963}.Debug|Any CPU.Build.0 = Debug|Any CPU
		{73B9F219-0BC0-45E9-A5E8-8092D707F963}.Release|Any CPU.ActiveCfg = Release|Any CPU
		{73B9F219-0BC0-45E9-A5E8-8092D707F963}.Release|Any CPU.Build.0 = Release|Any CPU
		{13504634-1D1A-4BB7-99D4-533D738330CC}.Debug|Any CPU.ActiveCfg = Debug|Any CPU
		{13504634-1D1A-4BB7-99D4-533D738330CC}.Debug|Any CPU.Build.0 = Debug|Any CPU
		{13504634-1D1A-4BB7-99D4-533D738330CC}.Release|Any CPU.ActiveCfg = Release|Any CPU
		{13504634-1D1A-4BB7-99D4-533D738330CC}.Release|Any CPU.Build.0 = Release|Any CPU
		{C5A7FCEB-57D9-4873-A2B5-4F246C37E020}.Debug|Any CPU.ActiveCfg = Debug|Any CPU
		{C5A7FCEB-57D9-4873-A2B5-4F246C37E020}.Debug|Any CPU.Build.0 = Debug|Any CPU
		{C5A7FCEB-57D9-4873-A2B5-4F246C37E020}.Release|Any CPU.ActiveCfg = Release|Any CPU
		{C5A7FCEB-57D9-4873-A2B5-4F246C37E020}.Release|Any CPU.Build.0 = Release|Any CPU
		{A4E75E01-EBD3-4E0E-A412-F8088433379A}.Debug|Any CPU.ActiveCfg = Debug|Any CPU
		{A4E75E01-EBD3-4E0E-A412-F8088433379A}.Debug|Any CPU.Build.0 = Debug|Any CPU
		{A4E75E01-EBD3-4E0E-A412-F8088433379A}.Release|Any CPU.ActiveCfg = Release|Any CPU
		{A4E75E01-EBD3-4E0E-A412-F8088433379A}.Release|Any CPU.Build.0 = Release|Any CPU
	EndGlobalSection
	GlobalSection(SolutionProperties) = preSolution
		HideSolutionNode = FALSE
	EndGlobalSection
	GlobalSection(ExtensibilityGlobals) = postSolution
		SolutionGuid = {04844513-5C0E-4885-ABAF-4DAC86103032}
	EndGlobalSection
EndGlobal
