
Microsoft Visual Studio Solution File, Format Version 12.00
# Visual Studio Version 17
VisualStudioVersion = 17.10.34902.84
MinimumVisualStudioVersion = 10.0.40219.1
Project("{2150E333-8FDC-42A3-9474-1A3956D46DE8}") = "Solution Items", "Solution Items", "{24D80700-8F01-41C7-B858-2C1B242C4EE0}"
	ProjectSection(SolutionItems) = preProject
		Directory.Build.props = Directory.Build.props
		README.md = README.md
	EndProjectSection
EndProject
Project("{9A19103F-16F7-4668-BE54-9A1E7A4F7556}") = "PythonSourceGenerator", "PythonSourceGenerator\PythonSourceGenerator.csproj", "{3912E0F4-493B-4B26-A44D-B095F6CF7538}"
EndProject
Project("{9A19103F-16F7-4668-BE54-9A1E7A4F7556}") = "PythonEnvironments", "PythonEnvironments\PythonEnvironments.csproj", "{9BAB43D1-017F-4470-B898-42022328D17F}"
EndProject
Project("{9A19103F-16F7-4668-BE54-9A1E7A4F7556}") = "PythonSourceGenerator.Tests", "PythonSourceGenerator.Tests\PythonSourceGenerator.Tests.csproj", "{E01D5C27-CB38-4A0D-B297-33E1E10C1A82}"
EndProject
Project("{9A19103F-16F7-4668-BE54-9A1E7A4F7556}") = "Integration.Tests", "Integration.Tests\Integration.Tests.csproj", "{F179777C-913A-46FE-BE2F-15A59EAB7E88}"
EndProject
Global
	GlobalSection(SolutionConfigurationPlatforms) = preSolution
		Debug|Any CPU = Debug|Any CPU
		Release|Any CPU = Release|Any CPU
	EndGlobalSection
	GlobalSection(ProjectConfigurationPlatforms) = postSolution
		{3912E0F4-493B-4B26-A44D-B095F6CF7538}.Debug|Any CPU.ActiveCfg = Debug|Any CPU
		{3912E0F4-493B-4B26-A44D-B095F6CF7538}.Debug|Any CPU.Build.0 = Debug|Any CPU
		{3912E0F4-493B-4B26-A44D-B095F6CF7538}.Release|Any CPU.ActiveCfg = Release|Any CPU
		{3912E0F4-493B-4B26-A44D-B095F6CF7538}.Release|Any CPU.Build.0 = Release|Any CPU
		{9BAB43D1-017F-4470-B898-42022328D17F}.Debug|Any CPU.ActiveCfg = Debug|Any CPU
		{9BAB43D1-017F-4470-B898-42022328D17F}.Debug|Any CPU.Build.0 = Debug|Any CPU
		{9BAB43D1-017F-4470-B898-42022328D17F}.Release|Any CPU.ActiveCfg = Release|Any CPU
		{9BAB43D1-017F-4470-B898-42022328D17F}.Release|Any CPU.Build.0 = Release|Any CPU
		{E01D5C27-CB38-4A0D-B297-33E1E10C1A82}.Debug|Any CPU.ActiveCfg = Debug|Any CPU
		{E01D5C27-CB38-4A0D-B297-33E1E10C1A82}.Debug|Any CPU.Build.0 = Debug|Any CPU
		{E01D5C27-CB38-4A0D-B297-33E1E10C1A82}.Release|Any CPU.ActiveCfg = Release|Any CPU
		{E01D5C27-CB38-4A0D-B297-33E1E10C1A82}.Release|Any CPU.Build.0 = Release|Any CPU
		{F179777C-913A-46FE-BE2F-15A59EAB7E88}.Debug|Any CPU.ActiveCfg = Debug|Any CPU
		{F179777C-913A-46FE-BE2F-15A59EAB7E88}.Debug|Any CPU.Build.0 = Debug|Any CPU
		{F179777C-913A-46FE-BE2F-15A59EAB7E88}.Release|Any CPU.ActiveCfg = Release|Any CPU
		{F179777C-913A-46FE-BE2F-15A59EAB7E88}.Release|Any CPU.Build.0 = Release|Any CPU
	EndGlobalSection
	GlobalSection(SolutionProperties) = preSolution
		HideSolutionNode = FALSE
	EndGlobalSection
	GlobalSection(ExtensibilityGlobals) = postSolution
		SolutionGuid = {4ACC77F9-1BB8-42DE-B647-01C458922F49}
	EndGlobalSection
EndGlobal
