
Microsoft Visual Studio Solution File, Format Version 12.00
# Visual Studio Version 17
VisualStudioVersion = 17.10.34902.84
MinimumVisualStudioVersion = 10.0.40219.1
Project("{2150E333-8FDC-42A3-9474-1A3956D46DE8}") = "Solution Items", "Solution Items", "{24D80700-8F01-41C7-B858-2C1B242C4EE0}"
	ProjectSection(SolutionItems) = preProject
		Directory.Build.props = Directory.Build.props
		Directory.Build.targets = Directory.Build.targets
		Directory.Packages.props = Directory.Packages.props
		Packaging.props = Packaging.props
		Packaging.targets = Packaging.targets
		..\README.md = ..\README.md
	EndProjectSection
EndProject
Project("{9A19103F-16F7-4668-BE54-9A1E7A4F7556}") = "CSnakes.SourceGeneration", "CSnakes.SourceGeneration\CSnakes.SourceGeneration.csproj", "{3912E0F4-493B-4B26-A44D-B095F6CF7538}"
EndProject
Project("{9A19103F-16F7-4668-BE54-9A1E7A4F7556}") = "CSnakes.Runtime", "CSnakes.Runtime\CSnakes.Runtime.csproj", "{9BAB43D1-017F-4470-B898-42022328D17F}"
EndProject
Project("{9A19103F-16F7-4668-BE54-9A1E7A4F7556}") = "CSnakes.Tests", "CSnakes.Tests\CSnakes.Tests.csproj", "{E01D5C27-CB38-4A0D-B297-33E1E10C1A82}"
EndProject
Project("{9A19103F-16F7-4668-BE54-9A1E7A4F7556}") = "Integration.Tests", "Integration.Tests\Integration.Tests.csproj", "{F179777C-913A-46FE-BE2F-15A59EAB7E88}"
EndProject
Project("{9A19103F-16F7-4668-BE54-9A1E7A4F7556}") = "CSnakes.Runtime.Tests", "CSnakes.Runtime.Tests\CSnakes.Runtime.Tests.csproj", "{CB00C1F5-8C01-4FE7-82AD-7F9B4398E3F8}"
EndProject
Project("{FAE04EC0-301F-11D3-BF4B-00C04F79EFBC}") = "Profile", "Profile\Profile.csproj", "{93264FC1-2880-4959-9576-50D260039BC2}"
EndProject
Project("{2150E333-8FDC-42A3-9474-1A3956D46DE8}") = "src", "src", "{4374E3D5-3A2C-47F8-B33E-F3C43A20B530}"
EndProject
Project("{2150E333-8FDC-42A3-9474-1A3956D46DE8}") = "tests", "tests", "{E52DC71C-FB58-4E57-9CCA-8A78EAA49123}"
EndProject
Project("{FAE04EC0-301F-11D3-BF4B-00C04F79EFBC}") = "Conda.Tests", "Conda.Tests\Conda.Tests.csproj", "{38604D9B-2C01-4B82-AFA1-A00E184BAE03}"
EndProject
Project("{FAE04EC0-301F-11D3-BF4B-00C04F79EFBC}") = "RedistributablePython.Tests", "RedistributablePython.Tests\RedistributablePython.Tests.csproj", "{F43684F2-D7B3-403F-B6E8-1B4740513E2A}"
EndProject
Project("{FAE04EC0-301F-11D3-BF4B-00C04F79EFBC}") = "StdLib.Tests", "StdLib.Tests\StdLib.Tests.csproj", "{938D30D1-C712-41EC-AD11-7B1FF8742C8A}"
EndProject
Global
	GlobalSection(SolutionConfigurationPlatforms) = preSolution
		Debug|Any CPU = Debug|Any CPU
		Release|Any CPU = Release|Any CPU
	EndGlobalSection
	GlobalSection(ProjectConfigurationPlatforms) = postSolution
		{3912E0F4-493B-4B26-A44D-B095F6CF7538}.Debug|Any CPU.ActiveCfg = Debug|Any CPU
		{3912E0F4-493B-4B26-A44D-B095F6CF7538}.Debug|Any CPU.Build.0 = Debug|Any CPU
		{3912E0F4-493B-4B26-A44D-B095F6CF7538}.Release|Any CPU.ActiveCfg = Release|Any CPU
		{3912E0F4-493B-4B26-A44D-B095F6CF7538}.Release|Any CPU.Build.0 = Release|Any CPU
		{9BAB43D1-017F-4470-B898-42022328D17F}.Debug|Any CPU.ActiveCfg = Debug|Any CPU
		{9BAB43D1-017F-4470-B898-42022328D17F}.Debug|Any CPU.Build.0 = Debug|Any CPU
		{9BAB43D1-017F-4470-B898-42022328D17F}.Release|Any CPU.ActiveCfg = Release|Any CPU
		{9BAB43D1-017F-4470-B898-42022328D17F}.Release|Any CPU.Build.0 = Release|Any CPU
		{E01D5C27-CB38-4A0D-B297-33E1E10C1A82}.Debug|Any CPU.ActiveCfg = Debug|Any CPU
		{E01D5C27-CB38-4A0D-B297-33E1E10C1A82}.Debug|Any CPU.Build.0 = Debug|Any CPU
		{E01D5C27-CB38-4A0D-B297-33E1E10C1A82}.Release|Any CPU.ActiveCfg = Release|Any CPU
		{E01D5C27-CB38-4A0D-B297-33E1E10C1A82}.Release|Any CPU.Build.0 = Release|Any CPU
		{F179777C-913A-46FE-BE2F-15A59EAB7E88}.Debug|Any CPU.ActiveCfg = Debug|Any CPU
		{F179777C-913A-46FE-BE2F-15A59EAB7E88}.Debug|Any CPU.Build.0 = Debug|Any CPU
		{F179777C-913A-46FE-BE2F-15A59EAB7E88}.Release|Any CPU.ActiveCfg = Release|Any CPU
		{F179777C-913A-46FE-BE2F-15A59EAB7E88}.Release|Any CPU.Build.0 = Release|Any CPU
		{CB00C1F5-8C01-4FE7-82AD-7F9B4398E3F8}.Debug|Any CPU.ActiveCfg = Debug|Any CPU
		{CB00C1F5-8C01-4FE7-82AD-7F9B4398E3F8}.Debug|Any CPU.Build.0 = Debug|Any CPU
		{CB00C1F5-8C01-4FE7-82AD-7F9B4398E3F8}.Release|Any CPU.ActiveCfg = Release|Any CPU
		{CB00C1F5-8C01-4FE7-82AD-7F9B4398E3F8}.Release|Any CPU.Build.0 = Release|Any CPU
		{93264FC1-2880-4959-9576-50D260039BC2}.Debug|Any CPU.ActiveCfg = Debug|Any CPU
		{93264FC1-2880-4959-9576-50D260039BC2}.Debug|Any CPU.Build.0 = Debug|Any CPU
		{93264FC1-2880-4959-9576-50D260039BC2}.Release|Any CPU.ActiveCfg = Release|Any CPU
		{93264FC1-2880-4959-9576-50D260039BC2}.Release|Any CPU.Build.0 = Release|Any CPU
		{38604D9B-2C01-4B82-AFA1-A00E184BAE03}.Debug|Any CPU.ActiveCfg = Debug|Any CPU
		{38604D9B-2C01-4B82-AFA1-A00E184BAE03}.Debug|Any CPU.Build.0 = Debug|Any CPU
		{38604D9B-2C01-4B82-AFA1-A00E184BAE03}.Release|Any CPU.ActiveCfg = Release|Any CPU
		{38604D9B-2C01-4B82-AFA1-A00E184BAE03}.Release|Any CPU.Build.0 = Release|Any CPU
		{F43684F2-D7B3-403F-B6E8-1B4740513E2A}.Debug|Any CPU.ActiveCfg = Debug|Any CPU
		{F43684F2-D7B3-403F-B6E8-1B4740513E2A}.Debug|Any CPU.Build.0 = Debug|Any CPU
		{F43684F2-D7B3-403F-B6E8-1B4740513E2A}.Release|Any CPU.ActiveCfg = Release|Any CPU
		{F43684F2-D7B3-403F-B6E8-1B4740513E2A}.Release|Any CPU.Build.0 = Release|Any CPU
		{938D30D1-C712-41EC-AD11-7B1FF8742C8A}.Debug|Any CPU.ActiveCfg = Debug|Any CPU
		{938D30D1-C712-41EC-AD11-7B1FF8742C8A}.Debug|Any CPU.Build.0 = Debug|Any CPU
		{938D30D1-C712-41EC-AD11-7B1FF8742C8A}.Release|Any CPU.ActiveCfg = Release|Any CPU
		{938D30D1-C712-41EC-AD11-7B1FF8742C8A}.Release|Any CPU.Build.0 = Release|Any CPU
	EndGlobalSection
	GlobalSection(SolutionProperties) = preSolution
		HideSolutionNode = FALSE
	EndGlobalSection
	GlobalSection(NestedProjects) = preSolution
		{3912E0F4-493B-4B26-A44D-B095F6CF7538} = {4374E3D5-3A2C-47F8-B33E-F3C43A20B530}
		{9BAB43D1-017F-4470-B898-42022328D17F} = {4374E3D5-3A2C-47F8-B33E-F3C43A20B530}
		{E01D5C27-CB38-4A0D-B297-33E1E10C1A82} = {E52DC71C-FB58-4E57-9CCA-8A78EAA49123}
		{F179777C-913A-46FE-BE2F-15A59EAB7E88} = {E52DC71C-FB58-4E57-9CCA-8A78EAA49123}
		{CB00C1F5-8C01-4FE7-82AD-7F9B4398E3F8} = {E52DC71C-FB58-4E57-9CCA-8A78EAA49123}
		{93264FC1-2880-4959-9576-50D260039BC2} = {E52DC71C-FB58-4E57-9CCA-8A78EAA49123}
		{38604D9B-2C01-4B82-AFA1-A00E184BAE03} = {E52DC71C-FB58-4E57-9CCA-8A78EAA49123}
		{F43684F2-D7B3-403F-B6E8-1B4740513E2A} = {E52DC71C-FB58-4E57-9CCA-8A78EAA49123}
		{938D30D1-C712-41EC-AD11-7B1FF8742C8A} = {E52DC71C-FB58-4E57-9CCA-8A78EAA49123}
	EndGlobalSection
	GlobalSection(ExtensibilityGlobals) = postSolution
		SolutionGuid = {4ACC77F9-1BB8-42DE-B647-01C458922F49}
	EndGlobalSection
EndGlobal
